{
  "projects": [
    {
      "projectId": "47CsKeN4L9JtxMfeTc5Cer",
      "version": "latest",
      "dependencies": {},
      "lang": "ts",
      "fileLocks": [
        {
          "type": "globalVariant",
          "assetId": "UzQJol7I8IunE",
          "checksum": "30e06bd2bbcd907f531429a5121a755c"
        },
        {
          "assetId": "47CsKeN4L9JtxMfeTc5Cer",
          "type": "projectCss",
          "checksum": "b7453ffd82bd62f438c3119149d8d4f0"
        },
        {
          "type": "renderModule",
          "assetId": "cyldNzOZs9Ba",
          "checksum": "64736eac343c5870d066336a77a79040"
        },
        {
          "type": "cssRules",
          "assetId": "cyldNzOZs9Ba",
          "checksum": "64736eac343c5870d066336a77a79040"
        },
        {
          "type": "icon",
          "assetId": "5QRjmb2EDtsEj",
          "checksum": "2fff248bebb4c6c525858a0c37bfb083"
        },
        {
          "type": "icon",
          "assetId": "5PBrDwtnQ-YVu",
          "checksum": "842dc5b1058c82284f24de0f64df95e7"
        },
        {
          "type": "icon",
          "assetId": "YB1er-uWIp",
          "checksum": "3ff8215fc1f6eb1143e4a2d58e5bda83"
        },
        {
          "type": "icon",
          "assetId": "p1dRysbx74",
          "checksum": "0271d68189e99ca4a882da142b6d120b"
        },
        {
          "type": "icon",
          "assetId": "0HrxMNU9lw",
          "checksum": "20c35e9fc84322ef904ff640e2ef4b2c"
        },
        {
          "type": "icon",
          "assetId": "EiNaP2Xj2e",
          "checksum": "317002ec1c6ca2fbf9b5b606be965d98"
        },
        {
          "type": "icon",
          "assetId": "Wle1gzuY48x",
          "checksum": "c612bc8ed70f7cf210f53a608cc993e1"
        },
        {
          "type": "icon",
          "assetId": "zGZ2DcGboM1",
          "checksum": "04fcd635b3d0666f8dee53674b1240e7"
        },
        {
          "type": "icon",
          "assetId": "7Tq33_CtuCc",
          "checksum": "d7b7ea4710f14a40370ac11898b90ab3"
        },
        {
          "type": "icon",
          "assetId": "hjh4IbSmkXW",
          "checksum": "1ba93a45bfdb334071bad254f21e2031"
        },
        {
          "type": "icon",
          "assetId": "WKkwF45KlcT",
          "checksum": "b0490a0c184e612973c9a9f1dff62572"
        },
        {
          "type": "icon",
          "assetId": "xQb7FJPJiVH",
          "checksum": "0113e545c7192a8b4c89f76fb63de8b5"
        },
        {
          "type": "icon",
          "assetId": "wv_lXiKZYO-",
          "checksum": "2cd7fed5ebae8738f1fc673350f1898b"
        },
        {
          "type": "icon",
          "assetId": "5EuwyW8EwDg",
          "checksum": "47c14be1b362545fcccb61e13c44898d"
        },
        {
          "type": "icon",
          "assetId": "DQ9zOAMiLld",
          "checksum": "c6f5a65970f804ca4903097ca4b6a3cf"
        },
        {
          "type": "icon",
          "assetId": "_C8YyenYBni",
          "checksum": "b2fa3722d95d5829ff56c8ea28351cca"
        },
        {
          "type": "icon",
          "assetId": "lLT04xsEXTR",
          "checksum": "3f03592fcec1717144e70ae757fa39f3"
        },
        {
          "type": "icon",
          "assetId": "w5SUQOW3fiY",
          "checksum": "e82714846c42c0d136c53289a550ef23"
        },
        {
          "type": "icon",
          "assetId": "O3VU6C04oR4",
          "checksum": "0bdc442a02115097df19df7900dddd32"
        },
        {
          "type": "icon",
          "assetId": "L2IEANxIhNBo",
          "checksum": "cf359b70cddbf21904e95c907a74857e"
        },
        {
          "type": "icon",
          "assetId": "P5Dpfcg-d08o",
          "checksum": "98d299a874ca9ccd519f6dfdae570326"
        },
        {
          "type": "icon",
          "assetId": "Lr61P2u-MoOs",
          "checksum": "87e3e559ccf757f7414af8969c6d2ec4"
        },
        {
          "type": "icon",
          "assetId": "-YsnKtplfOD2",
          "checksum": "85615bb5a1d4cf2177f092a0a2dea5d9"
        },
        {
          "type": "icon",
          "assetId": "Qj7iPpL435wR",
          "checksum": "35b0eac3211a025205631428996b9392"
        },
        {
          "type": "icon",
          "assetId": "E-tornVfalNz",
          "checksum": "a29aa0bd6f228a0c445c9eced398a594"
        },
        {
          "type": "icon",
          "assetId": "E4WoPLkVPcTY",
          "checksum": "6906e873d5ed9cfee40817f4aff179ff"
        },
        {
          "type": "icon",
          "assetId": "La1yOSacYy9S",
          "checksum": "891cc3b6876c11858900ea3a79b5c81a"
        },
        {
          "type": "icon",
          "assetId": "wmrXwmFHghAi",
          "checksum": "7b52e915e47382d8d0f789ad78785cf8"
        },
        {
          "type": "icon",
          "assetId": "nQ7U0y5eoz8u",
          "checksum": "4dee06b9509b6fd6cd919d10de1384cb"
        },
        {
          "type": "icon",
          "assetId": "kOX26i0vLwul",
          "checksum": "0dfc40d9cbb748ad6c6e06f48203b962"
        },
        {
          "type": "icon",
          "assetId": "jRNYTWHldwQg",
          "checksum": "a2dff9d5b7de319d66caaf9d981ba5e6"
        },
        {
          "type": "icon",
          "assetId": "qg7MKmYDNsGV",
          "checksum": "e9e127023f03294c44ca8be215442c75"
        },
        {
          "type": "icon",
          "assetId": "LL4Xa07B0TEK",
          "checksum": "99b4dda24e8a0bd5d679cffa10feaa03"
        },
        {
          "type": "icon",
          "assetId": "032rjeIt28rv",
          "checksum": "f50c00ed3ab977448bd2d2ff72df2401"
        },
        {
          "type": "icon",
          "assetId": "HXgBT1HOp",
          "checksum": "1c54683631b47d946b722e3dbf5e7aed"
        },
        {
          "type": "icon",
          "assetId": "6IPDdLgNZz",
          "checksum": "b53a52075c4a5b4f22d3ea7df136ecd0"
        },
        {
          "type": "icon",
          "assetId": "vmc99op8T4H",
          "checksum": "b5840b4f3918f467898db279d9513fe7"
        },
        {
          "type": "icon",
          "assetId": "yDVcztv-nCr",
          "checksum": "72181d3e744c5f3cde34f70a6275a125"
        },
        {
          "type": "icon",
          "assetId": "sJsfPx7OgZ5",
          "checksum": "bbc04951af190236b4d0e06de5509bc6"
        },
        {
          "type": "icon",
          "assetId": "iVg2P3QUdmO",
          "checksum": "2370df77efb3d3c23a338ed77d17ee12"
        },
        {
          "type": "icon",
          "assetId": "0jj_tyo3QjP",
          "checksum": "b58721b4cf072d2c288146a28a8cb1b0"
        },
        {
          "type": "icon",
          "assetId": "5YvvE9lR-Jp",
          "checksum": "d958bb80b338e436669055d0015a011c"
        },
        {
          "type": "icon",
          "assetId": "S6RtV-iBIv3",
          "checksum": "7ed75fa089a3d9bf752bcc8b795f992c"
        },
        {
          "type": "icon",
          "assetId": "rXjrnnDPJGW",
          "checksum": "370755e72dcce43d291951bcde79c066"
        },
        {
          "type": "icon",
          "assetId": "xJ8A6wSgH3M",
          "checksum": "d586516c9c29115a9a83aee14e6479ef"
        },
        {
          "type": "icon",
          "assetId": "Wm5G_IRoN6t",
          "checksum": "24638d3b7e0f38bc8911a593ac69549e"
        },
        {
          "type": "icon",
          "assetId": "1ZFjycQnE2G",
          "checksum": "f64ec0ed2267e735545d462db8ad5930"
        },
        {
          "type": "icon",
          "assetId": "t3V6InFZ-Sz",
          "checksum": "58c7f6ee36c46a9e5dd8ebe7b1f46bd7"
        },
        {
          "type": "icon",
          "assetId": "HuYROEj2CGN",
          "checksum": "d844e7f4f633deceb259a37c764cccc4"
        },
        {
          "type": "icon",
          "assetId": "yABdQgYoj0",
          "checksum": "31ab5fae71f1ce20564a625b23eeb6b4"
        },
        {
          "type": "icon",
          "assetId": "H0oM2ujPQA",
          "checksum": "7f21ceef43ce537e2b689975e091b9c3"
        },
        {
          "type": "icon",
          "assetId": "6wAMJYHE_",
          "checksum": "97657845ddfcbc4a10d4b9f2580f6547"
        },
        {
          "type": "icon",
          "assetId": "TlMyRHTuY3",
          "checksum": "c6cac71592b78a186798ab80318be76e"
        },
        {
          "type": "icon",
          "assetId": "pYsUaKWJ-_s",
          "checksum": "d8db628d816432a1f1154b791faa3a53"
        },
        {
          "type": "icon",
          "assetId": "46Lb7mzjWz0",
          "checksum": "1ef4af4a9c652ca159456eb7b6b33205"
        },
        {
          "type": "icon",
          "assetId": "Jw0ccknCnzU",
          "checksum": "edcf5a3ef2107befa53d91f09e8c9638"
        },
        {
          "type": "icon",
          "assetId": "kFcoZAZlMTz",
          "checksum": "480dca02b1ada3ad0eeb752ecaac562b"
        },
        {
          "type": "icon",
          "assetId": "WOF0MF33PLT",
          "checksum": "4d14a45f780d28b24187aea88fc05ce2"
        },
        {
          "type": "icon",
          "assetId": "bV6Wrw4NuNg",
          "checksum": "7c21d26b3d74226c785a8e7b239f9295"
        },
        {
          "type": "icon",
          "assetId": "9DtEWYZgPNi",
          "checksum": "18752c304c47f2ceebcfc1146f146e0b"
        },
        {
          "type": "icon",
          "assetId": "LXtsZt2V-v8",
          "checksum": "1d955702fe7f16a851aaae4a150e3209"
        },
        {
          "type": "icon",
          "assetId": "zRvEqWaDMJA",
          "checksum": "9c14071a03154935b050ef9f48a94705"
        },
        {
          "type": "icon",
          "assetId": "snJRxxWBwhQ",
          "checksum": "26aabec3f9e243028cd8249d7788cce8"
        },
        {
          "type": "icon",
          "assetId": "uUxL4YSR4Gf",
          "checksum": "d389dc47213d80802d97948b149103a1"
        },
        {
          "type": "icon",
          "assetId": "sGu-XOFssaQ",
          "checksum": "b72119bb3053d90098b32535bdd16158"
        },
        {
          "type": "icon",
          "assetId": "m7vbfvKYEP3",
          "checksum": "337c0d4506d76a5580044d90274095d3"
        },
        {
          "type": "icon",
          "assetId": "M9EDWHE0SYq",
          "checksum": "8aa9aebc5450ef80c08a141564c437b0"
        },
        {
          "type": "icon",
          "assetId": "sf5Nl3f2qJh",
          "checksum": "9bee1336df9652cb7941b6b9f09fed7a"
        },
        {
          "type": "icon",
          "assetId": "1EQcPCtEmBA",
          "checksum": "f89a209e3216be5237df6024b04b31ba"
        },
        {
          "type": "icon",
          "assetId": "S9vUsjmEiwY",
          "checksum": "ce7b9ff8bc9056ee3cc422d42c0769da"
        },
        {
          "type": "icon",
          "assetId": "w9FgTqEZ-aQ",
          "checksum": "a2dbf4956d3d35b28dbae7db6cca97a3"
        },
        {
          "type": "icon",
          "assetId": "idj9I-JZHTK",
          "checksum": "282abbe5ceb46b2c5a958f17e0fe835a"
        },
        {
          "type": "icon",
          "assetId": "YryxWUdgnKy",
          "checksum": "0171c96905b927169328c60e4b5de6f7"
        },
        {
          "type": "icon",
          "assetId": "6UZ3g751BFR",
          "checksum": "1e56b5e8d741aee0bd5d1b940ebcaf1b"
        },
        {
          "type": "icon",
          "assetId": "-ZTmBmL1TiR",
          "checksum": "a734e7d21ea1b04113c9d19019b11285"
        },
        {
          "type": "icon",
          "assetId": "Q63HwFa6-H-",
          "checksum": "318ca3f01efbf0006bcfbb0917b9c075"
        },
        {
          "type": "icon",
          "assetId": "ujkn2HDZQp1",
          "checksum": "a0665c642695f9f0e5930b4fa9243f86"
        },
        {
          "type": "icon",
          "assetId": "FRTIkQTbmmw",
          "checksum": "936696ede8e9e379247cca11aa1ecc6a"
        },
        {
          "type": "icon",
          "assetId": "AkX4VOa2Kym",
          "checksum": "9a4cc0246a30fcbd5f724792e0be8fdc"
        },
        {
          "type": "icon",
          "assetId": "46BeNkihRWW",
          "checksum": "5597d764b5218528d61b9ad68768872a"
        },
        {
          "type": "icon",
          "assetId": "ugBWAbRQC4OR",
          "checksum": "a585375d1b9ac9e3750294c7e1c8d1a4"
        },
        {
          "type": "icon",
          "assetId": "99m4iuHHQVRl",
          "checksum": "54163e6a81b45f466ec27b4cfb3d91f8"
        },
        {
          "type": "icon",
          "assetId": "zydMk0tbRSdP",
          "checksum": "456233c086f6aa9ce643bb303e9574b7"
        },
        {
          "type": "icon",
          "assetId": "HeapG-wz5ZZX",
          "checksum": "e3a873683e148148d1c236dac41e780f"
        },
        {
          "type": "icon",
          "assetId": "wTI0qsAKGpb5",
          "checksum": "721466b2e96ade60f80435ce04bc6d08"
        },
        {
          "type": "icon",
          "assetId": "qNT1s_MviI4S",
          "checksum": "526832838330a9404fe02a54cbb73600"
        },
        {
          "type": "icon",
          "assetId": "V0Rjen_p3V2d",
          "checksum": "4681d8e11d31002a945a400cc0252149"
        },
        {
          "type": "icon",
          "assetId": "XHefRNiJTRjF",
          "checksum": "15586362bc9b5034f98298519cb23991"
        },
        {
          "type": "icon",
          "assetId": "zjCrEcgYA7i6",
          "checksum": "e7b797af21fa3c1e2a81f15146ecf2f6"
        },
        {
          "type": "icon",
          "assetId": "J_nzghSqMuCY",
          "checksum": "4fdc48acc1df909610ba89c39712449d"
        },
        {
          "type": "icon",
          "assetId": "IGUx1NgceOPC",
          "checksum": "19848e32793352d13128d3fbd904880e"
        },
        {
          "type": "icon",
          "assetId": "aroMmhz77Cc3",
          "checksum": "3cb57a46926a813e787d05fdbec15a58"
        },
        {
          "type": "icon",
          "assetId": "3jCBsn3aOzge",
          "checksum": "33e14ceb5f0ebcdaf500315e8295e908"
        },
        {
          "type": "icon",
          "assetId": "VVw4b6LiDPZi",
          "checksum": "58a052b8ef25b8384ba7882730fdb3e5"
        },
        {
          "type": "icon",
          "assetId": "tJdql4tR_ci4",
          "checksum": "e7956b77ee3304462cf640393e4a73d4"
        },
        {
          "type": "icon",
          "assetId": "JZCx4RI7bYTO",
          "checksum": "0db18206b76c27edcb42a8ca885c7f9b"
        },
        {
          "type": "icon",
          "assetId": "r-7-qpfH3DvD",
          "checksum": "61c9dbd13046fa556a4785ce19f8c493"
        },
        {
          "type": "icon",
          "assetId": "zkop_OLhB1pE",
          "checksum": "0eb770b5326036725c7cf952c4aad6ff"
        },
        {
          "type": "icon",
          "assetId": "pwyLhcAIQ2h9",
          "checksum": "9e43d291fabbd19c820b001a3ee5b2c6"
        },
        {
          "type": "icon",
          "assetId": "857NjJFVvsvn",
          "checksum": "621619ece6f366c7b1f9932530f67b57"
        },
        {
          "type": "icon",
          "assetId": "cidMUWkyPLy0",
          "checksum": "38ad0265c04363e5792d29a5bb82d997"
        },
        {
          "type": "icon",
          "assetId": "p0K9Zc-4HaAI",
          "checksum": "b54f7edc177f625f116b845a283771e4"
        },
        {
          "type": "icon",
          "assetId": "T36eK6ClTFs4",
          "checksum": "a0727315734adf644571ec5eaee53984"
        },
        {
          "type": "icon",
          "assetId": "5l3eYoNXY",
          "checksum": "685d79eee9a9404f0b250ab7137b2ad4"
        },
        {
          "type": "icon",
          "assetId": "V4qfx-aLcR",
          "checksum": "66d226a280b70fb5a58e380094c46f25"
        },
        {
          "type": "icon",
          "assetId": "LmKvrI0jg3",
          "checksum": "b3f9b4c938e00bb3e9c78419668efe8b"
        },
        {
          "type": "icon",
          "assetId": "o6K3k7sOen",
          "checksum": "ef3e8edd654772248e155083cde4e1f7"
        },
        {
          "type": "icon",
          "assetId": "uDoThzoxJP",
          "checksum": "c87e2af394d93d98d1b5fe8d0bdabbee"
        },
        {
          "type": "icon",
          "assetId": "pSENE08HI7",
          "checksum": "2d40cef8bdbad4898f7762401fc8c2c6"
        },
        {
          "type": "icon",
          "assetId": "6tHdZ9IXb6-",
          "checksum": "2815d09e24b322e4ad91c605d65f53f2"
        },
        {
          "type": "icon",
          "assetId": "7utmpBHXjtg",
          "checksum": "6d9b54df031866373be19b9626c4a0ec"
        },
        {
          "type": "icon",
          "assetId": "3zT6a9n1C1J",
          "checksum": "82c8c63aa04e9797dbc4f7d21cb59f3c"
        },
        {
          "type": "icon",
          "assetId": "naiLuXgcCJg",
          "checksum": "88a8b211cde011b4bd542b5c83e1bb4e"
        },
        {
          "type": "icon",
          "assetId": "xTXYnCziVZt",
          "checksum": "096bf8599367e89660a098818c8445b6"
        },
        {
          "type": "icon",
          "assetId": "_1YdfLB4p5S",
          "checksum": "5d6bf35ddd1c3b66abcb693faee3d80e"
        },
        {
          "type": "icon",
          "assetId": "CORAj6VDLw3",
          "checksum": "d7129888280d264321644cc5007850e9"
        },
        {
          "type": "icon",
          "assetId": "5DPsGWIU7G1",
          "checksum": "342598d74a338f7befd4cb76d03fcfa2"
        },
        {
          "type": "icon",
          "assetId": "QDQotqj8WAS",
          "checksum": "3f6a49ac4bf37855d7f4512c1e3d8ca4"
        },
        {
          "type": "icon",
          "assetId": "R4L0wBrLUXj",
          "checksum": "754efe355a2781d937d01f90a3a56f04"
        },
        {
          "type": "icon",
          "assetId": "EBbQ5FCxj8i",
          "checksum": "4a74fe095b3d0ea62db8c933907a3e3e"
        },
        {
          "type": "icon",
          "assetId": "s6YEpPDYguA",
          "checksum": "2ea9289522ac2feca6fc109fd25ac079"
        },
        {
          "type": "icon",
          "assetId": "P2n9FGVXLRI",
          "checksum": "1b03d9c78d5c89710ef2ec8127bf5ea2"
        },
        {
          "type": "icon",
          "assetId": "GdJ8kSxZc4Z",
          "checksum": "ceb050af0519c8587f45393b1aa07e11"
        },
        {
          "type": "icon",
          "assetId": "tMvQ9HU1oQ5",
          "checksum": "5abdadd22beafe09a9941a77132596ed"
        },
        {
          "type": "icon",
          "assetId": "Y8CxsEtOuBU",
          "checksum": "13f6623790842ad3459b70ce7fced210"
        },
        {
          "type": "icon",
          "assetId": "D7RCnfrDIk6",
          "checksum": "281d4f956c28db990929c95c976a5ef2"
        },
        {
          "type": "icon",
          "assetId": "FkpDZ6Y5_of",
          "checksum": "feabbc6a7884fc2fbec7e1a55ca2ba85"
        },
        {
          "type": "icon",
          "assetId": "nRH6I3Sbwhb",
          "checksum": "6abd62f5979962cac94057c3046f5f16"
        },
        {
          "type": "icon",
          "assetId": "Ynbg3aDV8Jl",
          "checksum": "c7c7fc1ed7e437c648decb5701de41f7"
        },
        {
          "type": "icon",
          "assetId": "PeXv1yrFI-U",
          "checksum": "174f885f782136d2f6359ff15bae8ca0"
        },
        {
          "type": "icon",
          "assetId": "YEo5mK2l9da",
          "checksum": "b16e948677356fb9dbb8a18a3352bb22"
        },
        {
          "type": "icon",
          "assetId": "gLkfuAznYhg",
          "checksum": "1c90237ad7412646826545958badfe3b"
        },
        {
          "type": "icon",
          "assetId": "_uy5t2Vfz_Z",
          "checksum": "716ea9d211255686c6a9502d89d72024"
        },
        {
          "type": "icon",
          "assetId": "xI-nV1Xhhzk",
          "checksum": "75d07b669a3418b99f0ae71ff98acb06"
        },
        {
          "type": "icon",
          "assetId": "wRSrpETNmBD",
          "checksum": "33285a60829086950e1c45c11be7d1c1"
        },
        {
          "type": "icon",
          "assetId": "Feb-oZj6-sc",
          "checksum": "c13bbcccc75c516e34bd36dd025bb5aa"
        },
        {
          "type": "icon",
          "assetId": "XMXw5Rh9_nT",
          "checksum": "662be37875f4cbbe840e6b95acd150ee"
        },
        {
          "type": "icon",
          "assetId": "bd1BfmwZJO1",
          "checksum": "8a871b86f531a592be5c38f2ce9ae911"
        },
        {
          "type": "icon",
          "assetId": "HsHTeQVv2tW",
          "checksum": "5e803cfe251b984353bf29c3a90aceb0"
        },
        {
          "type": "icon",
          "assetId": "xtGXPEAQigZ",
          "checksum": "e146e374fb921270de5ba45e2b7b2471"
        },
        {
          "type": "icon",
          "assetId": "Z7XyU29LW6x",
          "checksum": "c36e17f95db10b7775b4e93e50b22c8b"
        },
        {
          "type": "icon",
          "assetId": "pS7pycYDJlK",
          "checksum": "cf05cbd16849acec39d4f07ff18091e2"
        },
        {
          "type": "icon",
          "assetId": "2g-cw6xLxP_",
          "checksum": "4d6ff8b90de6bc729f18b0172d328d44"
        },
        {
          "type": "icon",
          "assetId": "Ww8nynYKwho",
          "checksum": "bfbc0300999e28df7316621a3dd5b2a2"
        },
        {
          "type": "icon",
          "assetId": "lOmonJ8Upph",
          "checksum": "92ff163a2cfac79137eeaa3d30932c28"
        },
        {
          "type": "icon",
          "assetId": "cRfcMUftUYh",
          "checksum": "4328a390431a1088379a2a67d77f2337"
        },
        {
          "type": "icon",
          "assetId": "qqVj6i1c5f2",
          "checksum": "682911cec74decca1004913e32ff9ca5"
        },
        {
          "type": "icon",
          "assetId": "DGxAhLEi8w",
          "checksum": "9c2d056840c4d93f8f6bff7105912a8c"
        },
        {
          "type": "icon",
          "assetId": "22EP-PLbxR",
          "checksum": "1c6f08c9a4ce0fa85bdcebf9c4332e4f"
        },
        {
          "type": "icon",
          "assetId": "q3re5887g9",
          "checksum": "079c5196ffea047d46ff380791c17c47"
        },
        {
          "type": "icon",
          "assetId": "5l0E_zGj0A",
          "checksum": "432ef6058770b6eb22c3ade9dc3cc37e"
        },
        {
          "type": "icon",
          "assetId": "qrAZxDNG77D",
          "checksum": "f74f3c6f348ae0bf2d6a1e1b8d86933e"
        },
        {
          "type": "icon",
          "assetId": "ixz3ttucEBb",
          "checksum": "ba453c9096bf2e573a138f04fa65a66b"
        },
        {
          "type": "icon",
          "assetId": "FzM6xe8CQKJ",
          "checksum": "802da7d051d1a4891787312a4a242db0"
        },
        {
          "type": "icon",
          "assetId": "8zlg95LS49R",
          "checksum": "1a32f142152b1145de61aec89e2bc9d1"
        },
        {
          "type": "icon",
          "assetId": "eFIc5CpY2AK",
          "checksum": "78bc5eb1f3f46b30db74602e70d2922c"
        },
        {
          "type": "icon",
          "assetId": "3L8tchZBSy3",
          "checksum": "6ff280f218aea6caaf3ead473ede961c"
        },
        {
          "type": "icon",
          "assetId": "EdMOIXSgYgg",
          "checksum": "e9678ee02d27e0b291858b57181c468a"
        },
        {
          "type": "icon",
          "assetId": "MBSqmotrLm9",
          "checksum": "d4f7710dca2cf066c79fabcedb91d9d7"
        },
        {
          "type": "icon",
          "assetId": "Cc_p9IKy5Ks",
          "checksum": "08d2d329e1efe130d780b565c2d7cae5"
        },
        {
          "type": "icon",
          "assetId": "-gRzDH-zZPj",
          "checksum": "ba9002bbf379baa1ead2830b85763b1a"
        },
        {
          "type": "icon",
          "assetId": "klcGU9Xcgyt",
          "checksum": "a0e60fe0dbf1c39821175b0a950fb848"
        },
        {
          "type": "icon",
          "assetId": "IYzUWw9ajEg",
          "checksum": "bc7215a16584c6d2b1b22b7dce1aa125"
        },
        {
          "type": "icon",
          "assetId": "7h07ZHNfnz-",
          "checksum": "7a30a9d8679e992a284e96d2b13fa490"
        },
        {
          "type": "icon",
          "assetId": "E9qp-aAK922",
          "checksum": "fce169201ecf54489bdae4882ab3a24e"
        },
        {
          "type": "icon",
          "assetId": "6v5T7OPpwXP",
          "checksum": "e496289200eb9b2cf212a56c1828d407"
        },
        {
          "type": "icon",
          "assetId": "HyUs2ZZB3_d",
          "checksum": "3a01516736cc736ab7435d468f0db81e"
        },
        {
          "type": "icon",
          "assetId": "lEmO5_oJivh",
          "checksum": "c5b12da03c4ac49f76d94bec8a32e50b"
        },
        {
          "type": "icon",
          "assetId": "DPyc87atiP_",
          "checksum": "1700eba9fcacf95b833a4db38952d82c"
        },
        {
          "type": "icon",
          "assetId": "ALsQIOS3anc",
          "checksum": "1a8ca70e2ea592c68faf3dcd08e64fd6"
        },
        {
          "type": "icon",
          "assetId": "41Ycmz4Syt1",
          "checksum": "4b3d0181d738a82380bfa90f01c2b11b"
        },
        {
          "type": "icon",
          "assetId": "XNdQkDFoCT4",
          "checksum": "91dd3a5a78dafe1c20e04a59469ca188"
        },
        {
          "type": "icon",
          "assetId": "pCHTxllXqvu",
          "checksum": "b96a71f3d2547637b22b84e78e32b3da"
        },
        {
          "type": "icon",
          "assetId": "kFSbt5Acicc",
          "checksum": "2f79b6589da6e9a06494d56b7cd48e91"
        },
        {
          "type": "icon",
          "assetId": "Cdv5f0K977z",
          "checksum": "53e17f8eb027c9b36768798fb76f8150"
        },
        {
          "type": "icon",
          "assetId": "a2YX27hTcKl",
          "checksum": "fb3d58f3f0be6956d2bc3f4fb5e0ddbf"
        },
        {
          "type": "icon",
          "assetId": "gBWEr0eEru4",
          "checksum": "226e0955fbdc74d2fa557817980c1cca"
        },
        {
          "type": "icon",
          "assetId": "23Sicei6f5M",
          "checksum": "143d8d0b179be8c0352de5a6be44ab6f"
        },
        {
          "type": "icon",
          "assetId": "9ZhlQYecs21",
          "checksum": "37a7504f5d58d84d07f440989dfd3ec2"
        },
        {
          "type": "icon",
          "assetId": "Y5PGikW7Jkn",
          "checksum": "db18ee2b192df9c30450782c95bef1c1"
        },
        {
          "type": "icon",
          "assetId": "_r7V1LecXVH",
          "checksum": "b987b346a5cb0ef6033bb080f8ea185e"
        },
        {
          "type": "icon",
          "assetId": "NAzvWbATEMp",
          "checksum": "73f65f760ec597e6bfef105a16e41a60"
        },
        {
          "type": "icon",
          "assetId": "SVPuA3429I_",
          "checksum": "e23dae98a1f7343503bf00fc0f5dcb1c"
        },
        {
          "type": "icon",
          "assetId": "4QeNw8FTLvj",
          "checksum": "d48311d710215f7a99ee99135dc2afa8"
        },
        {
          "type": "icon",
          "assetId": "cSCLG5_3_wS",
          "checksum": "ef2b1b3f81ce5caea5d62aa0824d8491"
        },
        {
          "type": "icon",
          "assetId": "9PiDQHK6Wyl",
          "checksum": "2de7ef9bb686b5535060cd0daf9889ad"
        },
        {
          "type": "icon",
          "assetId": "jvZhFZohV",
          "checksum": "8405b4b186384b2cc465cd86fcc1fde1"
        },
        {
          "type": "icon",
          "assetId": "-Y5WN3kP2C",
          "checksum": "d063a585baa5f56b24d84597826ae254"
        },
        {
          "type": "icon",
          "assetId": "ZpFjYeH281",
          "checksum": "00aab385207109f9cff625935ad8ffcd"
        },
        {
          "type": "icon",
          "assetId": "MtLQWt_ktW",
          "checksum": "936cfa4c8c90f0c56ad9832e661313ee"
        },
        {
          "type": "icon",
          "assetId": "z_6YcUE1e2",
          "checksum": "323e02ee1586d18b90892021a1d72a6c"
        },
        {
          "type": "icon",
          "assetId": "AGMOGth5zis",
          "checksum": "a55730245888ce6435530d8c945fba7a"
        },
        {
          "type": "icon",
          "assetId": "QHPGwrFMmOz",
          "checksum": "857bc53b6ebafe828fcd320352a973a2"
        },
        {
          "type": "icon",
          "assetId": "c6l8y84V0qe",
          "checksum": "40b6328750656291a0d0a4dfd12d8889"
        },
        {
          "type": "icon",
          "assetId": "XECc1gclhcV",
          "checksum": "7a91a1167b0836b3fe913a4b72c0944c"
        },
        {
          "type": "icon",
          "assetId": "M9sqXigN-0C",
          "checksum": "532afd59f286f456e17e19bc8e0f2ec0"
        },
        {
          "type": "icon",
          "assetId": "iwvF2kjkZ1O",
          "checksum": "3fcf9bdacb1c4f18091bd5d192f739ad"
        },
        {
          "type": "icon",
          "assetId": "wgmf3qDzj3M",
          "checksum": "c457bc8ce1f6ad48dd1cab0936f7434d"
        },
        {
          "type": "icon",
          "assetId": "xOgimhVoZc8",
          "checksum": "03730368c9fbd1776dfdeffafd2d74f6"
        },
        {
          "type": "icon",
          "assetId": "2YoomngMn1b",
          "checksum": "711b8dca41e0ed8fa00c28d1d589dc13"
        },
        {
          "type": "icon",
          "assetId": "WAPCiqExdqp",
          "checksum": "e37c065d52be8f7d6a71aa4aa98fe1fb"
        },
        {
          "type": "image",
          "assetId": "S76lutX0hkWUf",
          "checksum": "2c98a3a7fdf9ad9998f64cba64b5baf7"
        },
        {
          "type": "image",
          "assetId": "6uRZnt3J1",
          "checksum": "0d4601b301824df66950ec31d3d8abc8"
        },
        {
          "type": "image",
          "assetId": "Dw1VHQs4cb",
          "checksum": "6d809954e44f9ae030202b6ec93a3510"
        },
        {
          "type": "image",
          "assetId": "fwxqa4U9BUFw",
          "checksum": "9a529dc67df0da9b039a3d43bcc15f70"
        },
        {
          "type": "image",
          "assetId": "mxbI98BJ0w",
          "checksum": "3e12d4139a51265155df786c4e987328"
        },
        {
          "type": "image",
          "assetId": "CqTJohDaAF",
          "checksum": "4e88c47d3a4b7623d955d361db96f11e"
        },
        {
          "type": "image",
          "assetId": "yryJUw1i4c",
          "checksum": "67640fbc87fe677de9761591cee0e8d3"
        },
        {
          "type": "image",
          "assetId": "WPFtbcu8wPO",
          "checksum": "614250b1870f359bbbbc394d9e7caeb5"
        },
        {
          "type": "image",
          "assetId": "tWmYeGNARcz",
          "checksum": "b4f409208879587547d049251718087f"
        },
        {
          "type": "image",
          "assetId": "ws2FvIXLrWQ",
          "checksum": "b8a4878ff1db30922b055338e00be7b5"
        },
        {
          "type": "image",
          "assetId": "11ReQ-xoA75",
          "checksum": "16b37d66b9021876878b5c7c7686262a"
        },
        {
          "type": "image",
          "assetId": "pIA7d-SKk7H",
          "checksum": "8647d010a94209bd7e3ab7d79b68409a"
        },
        {
          "type": "image",
          "assetId": "8OFzTHleTIE",
          "checksum": "d034d7164f1439c69536b2d3c0b27bfc"
        },
        {
          "type": "image",
          "assetId": "VYL4AivpdRl",
          "checksum": "86114205e0d600af43d3ea46dcd25d0a"
        },
        {
          "type": "image",
          "assetId": "uuGi2EeeqQK",
          "checksum": "4a7dc54d6f1ae67cf4c29928ed7ab989"
        },
        {
          "type": "image",
          "assetId": "_qrMHUw-3HD",
          "checksum": "fb35feadfd3136832262d81012c9532b"
        },
        {
          "type": "image",
          "assetId": "Al4rNNVQ6TU",
          "checksum": "3ad04f1094d2f4c7799e51a1e7313a23"
        },
        {
          "type": "image",
          "assetId": "Ol9-pxA1gBs",
          "checksum": "db0df74aec058a93bdb1e27441057c69"
        },
        {
          "type": "image",
          "assetId": "0368U6GkILt",
          "checksum": "adeeeccb77e86df915ce97246b304807"
        },
        {
          "type": "image",
          "assetId": "kmtQZt2en4p",
          "checksum": "f6168662037285702bdf033dfcdecf5b"
        },
        {
          "type": "image",
          "assetId": "2K5K5jLD5ih",
          "checksum": "391ba832b9fab9dc99ac036451f620a5"
        },
        {
          "type": "image",
          "assetId": "kbK1Gp4oglR",
          "checksum": "f3b38c88be4124490bda11c0290901a9"
        },
        {
          "type": "image",
          "assetId": "LDpCJrAPxEp",
          "checksum": "96921b592fb949708fcc051d4fb4cde9"
        },
        {
          "type": "image",
          "assetId": "8ZAaRDQsHUZ",
          "checksum": "fc619515a6b5da71ab95acc5efe12696"
        },
        {
          "type": "image",
          "assetId": "50M_I-bhJaN",
          "checksum": "e2059471649c86c979449c8dea67c31b"
        },
        {
          "type": "image",
          "assetId": "t2JYKob2h9Y",
          "checksum": "14512a5c39aee51a2f79709c45ae8a3f"
        },
        {
          "type": "image",
          "assetId": "zN7uRrROqSH",
          "checksum": "4378a1d343a577f4db37beadd88aa0c8"
        },
        {
          "type": "image",
          "assetId": "gjVOWlk6XRWT",
          "checksum": "5ee88663b7f3cfb1a7df16ea9c47b52b"
        }
      ],
      "codegenVersion": "0.0.1"
    }
  ],
  "cliVersion": "0.1.174"
}
